
Microsoft Visual Studio Solution File, Format Version 12.00
# Visual Studio 15
VisualStudioVersion = 15.0.26730.16
MinimumVisualStudioVersion = 10.0.40219.1
Project("{888888A0-9F3D-457C-B088-3A5042F75D52}") = "10_11_douga2", "10_11_douga2\10_11_douga2.pyproj", "{2A3A5501-D4FC-4071-A1EE-56A1C72DE35A}"
EndProject
Global
	GlobalSection(SolutionConfigurationPlatforms) = preSolution
		Debug|Any CPU = Debug|Any CPU
		Release|Any CPU = Release|Any CPU
	EndGlobalSection
	GlobalSection(ProjectConfigurationPlatforms) = postSolution
		{2A3A5501-D4FC-4071-A1EE-56A1C72DE35A}.Debug|Any CPU.ActiveCfg = Debug|Any CPU
		{2A3A5501-D4FC-4071-A1EE-56A1C72DE35A}.Release|Any CPU.ActiveCfg = Release|Any CPU
	EndGlobalSection
	GlobalSection(SolutionProperties) = preSolution
		HideSolutionNode = FALSE
	EndGlobalSection
	GlobalSection(ExtensibilityGlobals) = postSolution
		SolutionGuid = {8072E356-4282-4B41-8BA4-3C3EC8133E3C}
	EndGlobalSection
EndGlobal
